# This file is automatically @generated by Cargo.
# It is not intended for manual editing.
version = 3

[[package]]
name = "aoc-2020"
version = "0.1.0"
dependencies = [
 "rpds",
]

[[package]]
name = "archery"
version = "0.4.0"
source = "registry+https://github.com/rust-lang/crates.io-index"
checksum = "0a8da9bc4c4053ee067669762bcaeea6e241841295a2b6c948312dad6ef4cc02"
dependencies = [
 "static_assertions",
]

[[package]]
name = "rpds"
version = "0.12.0"
source = "registry+https://github.com/rust-lang/crates.io-index"
checksum = "66262ea963eff99163e6b741fbc3417a52cc13074728c1047e9911789df9b000"
dependencies = [
 "archery",
]

[[package]]
name = "static_assertions"
version = "1.1.0"
source = "registry+https://github.com/rust-lang/crates.io-index"
checksum = "a2eb9349b6444b326872e140eb1cf5e7c522154d69e7a0ffb0fb81c06b37543f"
